
Microsoft Visual Studio Solution File, Format Version 12.00
# Visual Studio Version 17
VisualStudioVersion = 17.11.35219.272
MinimumVisualStudioVersion = 10.0.40219.1
Project("{9A19103F-16F7-4668-BE54-9A1E7A4F7556}") = "TutorLinkClient", "TutorLinkClient.csproj", "{6C95AC20-6BD3-4B77-813D-417AE21EB67D}"
EndProject
Global
	GlobalSection(SolutionConfigurationPlatforms) = preSolution
		Debug|Any CPU = Debug|Any CPU
		Release|Any CPU = Release|Any CPU
	EndGlobalSection
	GlobalSection(ProjectConfigurationPlatforms) = postSolution
		{6C95AC20-6BD3-4B77-813D-417AE21EB67D}.Debug|Any CPU.ActiveCfg = Debug|Any CPU
		{6C95AC20-6BD3-4B77-813D-417AE21EB67D}.Debug|Any CPU.Build.0 = Debug|Any CPU
		{6C95AC20-6BD3-4B77-813D-417AE21EB67D}.Debug|Any CPU.Deploy.0 = Debug|Any CPU
		{6C95AC20-6BD3-4B77-813D-417AE21EB67D}.Release|Any CPU.ActiveCfg = Release|Any CPU
		{6C95AC20-6BD3-4B77-813D-417AE21EB67D}.Release|Any CPU.Build.0 = Release|Any CPU
		{6C95AC20-6BD3-4B77-813D-417AE21EB67D}.Release|Any CPU.Deploy.0 = Release|Any CPU
	EndGlobalSection
	GlobalSection(SolutionProperties) = preSolution
		HideSolutionNode = FALSE
	EndGlobalSection
	GlobalSection(ExtensibilityGlobals) = postSolution
		SolutionGuid = {EFDA3A4C-AFF1-4D59-BA55-0CD73065CF1C}
	EndGlobalSection
EndGlobal
